// !$*UTF8*$!
{
	archiveVersion = 1;
	classes = {
	};
	objectVersion = 56;
	objects = {

/* Begin PBXBuildFile section */
		433C2EF2298BCDA5009C7B10 /* APIService.docc in Sources */ = {isa = PBXBuildFile; fileRef = 433C2EF1298BCDA5009C7B10 /* APIService.docc */; };
		433C2EF8298BCDA5009C7B10 /* APIService.framework in Frameworks */ = {isa = PBXBuildFile; fileRef = 433C2EED298BCDA5009C7B10 /* APIService.framework */; };
		433C2EFD298BCDA5009C7B10 /* APIServiceTests.swift in Sources */ = {isa = PBXBuildFile; fileRef = 433C2EFC298BCDA5009C7B10 /* APIServiceTests.swift */; };
		43558E882990F48300538EDC /* ImagesEndpointService.swift in Sources */ = {isa = PBXBuildFile; fileRef = 43558E872990F48300538EDC /* ImagesEndpointService.swift */; };
		4373E19E299062F20021B8D4 /* Networking.framework in Frameworks */ = {isa = PBXBuildFile; fileRef = 4373E19D299062F20021B8D4 /* Networking.framework */; };
		4373E19F299062F20021B8D4 /* Networking.framework in Embed Frameworks */ = {isa = PBXBuildFile; fileRef = 4373E19D299062F20021B8D4 /* Networking.framework */; settings = {ATTRIBUTES = (CodeSignOnCopy, RemoveHeadersOnCopy, ); }; };
		43A6B58D29998A27001F0CC8 /* FavouritesEndpointService.swift in Sources */ = {isa = PBXBuildFile; fileRef = 43A6B58C29998A27001F0CC8 /* FavouritesEndpointService.swift */; };
/* End PBXBuildFile section */

/* Begin PBXContainerItemProxy section */
		433C2EF9298BCDA5009C7B10 /* PBXContainerItemProxy */ = {
			isa = PBXContainerItemProxy;
			containerPortal = 433C2EE4298BCDA5009C7B10 /* Project object */;
			proxyType = 1;
			remoteGlobalIDString = 433C2EEC298BCDA5009C7B10;
			remoteInfo = APIService;
		};
/* End PBXContainerItemProxy section */

/* Begin PBXCopyFilesBuildPhase section */
		4373E1A0299062F20021B8D4 /* Embed Frameworks */ = {
			isa = PBXCopyFilesBuildPhase;
			buildActionMask = 2147483647;
			dstPath = "";
			dstSubfolderSpec = 10;
			files = (
				4373E19F299062F20021B8D4 /* Networking.framework in Embed Frameworks */,
			);
			name = "Embed Frameworks";
			runOnlyForDeploymentPostprocessing = 0;
		};
/* End PBXCopyFilesBuildPhase section */

/* Begin PBXFileReference section */
		433C2EED298BCDA5009C7B10 /* APIService.framework */ = {isa = PBXFileReference; explicitFileType = wrapper.framework; includeInIndex = 0; path = APIService.framework; sourceTree = BUILT_PRODUCTS_DIR; };
		433C2EF1298BCDA5009C7B10 /* APIService.docc */ = {isa = PBXFileReference; lastKnownFileType = folder.documentationcatalog; path = APIService.docc; sourceTree = "<group>"; };
		433C2EF7298BCDA5009C7B10 /* APIServiceTests.xctest */ = {isa = PBXFileReference; explicitFileType = wrapper.cfbundle; includeInIndex = 0; path = APIServiceTests.xctest; sourceTree = BUILT_PRODUCTS_DIR; };
		433C2EFC298BCDA5009C7B10 /* APIServiceTests.swift */ = {isa = PBXFileReference; lastKnownFileType = sourcecode.swift; path = APIServiceTests.swift; sourceTree = "<group>"; };
		43558E872990F48300538EDC /* ImagesEndpointService.swift */ = {isa = PBXFileReference; fileEncoding = 4; lastKnownFileType = sourcecode.swift; path = ImagesEndpointService.swift; sourceTree = "<group>"; };
		4373E19D299062F20021B8D4 /* Networking.framework */ = {isa = PBXFileReference; explicitFileType = wrapper.framework; path = Networking.framework; sourceTree = BUILT_PRODUCTS_DIR; };
		43A6B58C29998A27001F0CC8 /* FavouritesEndpointService.swift */ = {isa = PBXFileReference; lastKnownFileType = sourcecode.swift; path = FavouritesEndpointService.swift; sourceTree = "<group>"; };
/* End PBXFileReference section */

/* Begin PBXFrameworksBuildPhase section */
		433C2EEA298BCDA5009C7B10 /* Frameworks */ = {
			isa = PBXFrameworksBuildPhase;
			buildActionMask = 2147483647;
			files = (
				4373E19E299062F20021B8D4 /* Networking.framework in Frameworks */,
			);
			runOnlyForDeploymentPostprocessing = 0;
		};
		433C2EF4298BCDA5009C7B10 /* Frameworks */ = {
			isa = PBXFrameworksBuildPhase;
			buildActionMask = 2147483647;
			files = (
				433C2EF8298BCDA5009C7B10 /* APIService.framework in Frameworks */,
			);
			runOnlyForDeploymentPostprocessing = 0;
		};
/* End PBXFrameworksBuildPhase section */

/* Begin PBXGroup section */
		433C2EE3298BCDA5009C7B10 = {
			isa = PBXGroup;
			children = (
				433C2EEF298BCDA5009C7B10 /* APIService */,
				433C2EFB298BCDA5009C7B10 /* APIServiceTests */,
				433C2EEE298BCDA5009C7B10 /* Products */,
				4373E19C299062F20021B8D4 /* Frameworks */,
			);
			sourceTree = "<group>";
		};
		433C2EEE298BCDA5009C7B10 /* Products */ = {
			isa = PBXGroup;
			children = (
				433C2EED298BCDA5009C7B10 /* APIService.framework */,
				433C2EF7298BCDA5009C7B10 /* APIServiceTests.xctest */,
			);
			name = Products;
			sourceTree = "<group>";
		};
		433C2EEF298BCDA5009C7B10 /* APIService */ = {
			isa = PBXGroup;
			children = (
				43558E862990F48300538EDC /* Endpoints */,
				433C2EF1298BCDA5009C7B10 /* APIService.docc */,
			);
			path = APIService;
			sourceTree = "<group>";
		};
		433C2EFB298BCDA5009C7B10 /* APIServiceTests */ = {
			isa = PBXGroup;
			children = (
				433C2EFC298BCDA5009C7B10 /* APIServiceTests.swift */,
			);
			path = APIServiceTests;
			sourceTree = "<group>";
		};
		43558E862990F48300538EDC /* Endpoints */ = {
			isa = PBXGroup;
			children = (
				43558E872990F48300538EDC /* ImagesEndpointService.swift */,
				43A6B58C29998A27001F0CC8 /* FavouritesEndpointService.swift */,
			);
			path = Endpoints;
			sourceTree = "<group>";
		};
		4373E19C299062F20021B8D4 /* Frameworks */ = {
			isa = PBXGroup;
			children = (
				4373E19D299062F20021B8D4 /* Networking.framework */,
			);
			name = Frameworks;
			sourceTree = "<group>";
		};
/* End PBXGroup section */

/* Begin PBXHeadersBuildPhase section */
		433C2EE8298BCDA5009C7B10 /* Headers */ = {
			isa = PBXHeadersBuildPhase;
			buildActionMask = 2147483647;
			files = (
			);
			runOnlyForDeploymentPostprocessing = 0;
		};
/* End PBXHeadersBuildPhase section */

/* Begin PBXNativeTarget section */
		433C2EEC298BCDA5009C7B10 /* APIService */ = {
			isa = PBXNativeTarget;
			buildConfigurationList = 433C2F01298BCDA5009C7B10 /* Build configuration list for PBXNativeTarget "APIService" */;
			buildPhases = (
				433C2EE8298BCDA5009C7B10 /* Headers */,
				433C2EE9298BCDA5009C7B10 /* Sources */,
				433C2EEA298BCDA5009C7B10 /* Frameworks */,
				433C2EEB298BCDA5009C7B10 /* Resources */,
				4373E1A0299062F20021B8D4 /* Embed Frameworks */,
			);
			buildRules = (
			);
			dependencies = (
			);
			name = APIService;
			productName = APIService;
			productReference = 433C2EED298BCDA5009C7B10 /* APIService.framework */;
			productType = "com.apple.product-type.framework";
		};
		433C2EF6298BCDA5009C7B10 /* APIServiceTests */ = {
			isa = PBXNativeTarget;
			buildConfigurationList = 433C2F04298BCDA5009C7B10 /* Build configuration list for PBXNativeTarget "APIServiceTests" */;
			buildPhases = (
				433C2EF3298BCDA5009C7B10 /* Sources */,
				433C2EF4298BCDA5009C7B10 /* Frameworks */,
				433C2EF5298BCDA5009C7B10 /* Resources */,
			);
			buildRules = (
			);
			dependencies = (
				433C2EFA298BCDA5009C7B10 /* PBXTargetDependency */,
			);
			name = APIServiceTests;
			productName = APIServiceTests;
			productReference = 433C2EF7298BCDA5009C7B10 /* APIServiceTests.xctest */;
			productType = "com.apple.product-type.bundle.unit-test";
		};
/* End PBXNativeTarget section */

/* Begin PBXProject section */
		433C2EE4298BCDA5009C7B10 /* Project object */ = {
			isa = PBXProject;
			attributes = {
				BuildIndependentTargetsInParallel = 1;
				LastSwiftUpdateCheck = 1420;
				LastUpgradeCheck = 1420;
				TargetAttributes = {
					433C2EEC298BCDA5009C7B10 = {
						CreatedOnToolsVersion = 14.2;
					};
					433C2EF6298BCDA5009C7B10 = {
						CreatedOnToolsVersion = 14.2;
					};
				};
			};
			buildConfigurationList = 433C2EE7298BCDA5009C7B10 /* Build configuration list for PBXProject "APIService" */;
			compatibilityVersion = "Xcode 14.0";
			developmentRegion = en;
			hasScannedForEncodings = 0;
			knownRegions = (
				en,
				Base,
			);
			mainGroup = 433C2EE3298BCDA5009C7B10;
			productRefGroup = 433C2EEE298BCDA5009C7B10 /* Products */;
			projectDirPath = "";
			projectRoot = "";
			targets = (
				433C2EEC298BCDA5009C7B10 /* APIService */,
				433C2EF6298BCDA5009C7B10 /* APIServiceTests */,
			);
		};
/* End PBXProject section */

/* Begin PBXResourcesBuildPhase section */
		433C2EEB298BCDA5009C7B10 /* Resources */ = {
			isa = PBXResourcesBuildPhase;
			buildActionMask = 2147483647;
			files = (
			);
			runOnlyForDeploymentPostprocessing = 0;
		};
		433C2EF5298BCDA5009C7B10 /* Resources */ = {
			isa = PBXResourcesBuildPhase;
			buildActionMask = 2147483647;
			files = (
			);
			runOnlyForDeploymentPostprocessing = 0;
		};
/* End PBXResourcesBuildPhase section */

/* Begin PBXSourcesBuildPhase section */
		433C2EE9298BCDA5009C7B10 /* Sources */ = {
			isa = PBXSourcesBuildPhase;
			buildActionMask = 2147483647;
			files = (
				43A6B58D29998A27001F0CC8 /* FavouritesEndpointService.swift in Sources */,
				433C2EF2298BCDA5009C7B10 /* APIService.docc in Sources */,
				43558E882990F48300538EDC /* ImagesEndpointService.swift in Sources */,
			);
			runOnlyForDeploymentPostprocessing = 0;
		};
		433C2EF3298BCDA5009C7B10 /* Sources */ = {
			isa = PBXSourcesBuildPhase;
			buildActionMask = 2147483647;
			files = (
				433C2EFD298BCDA5009C7B10 /* APIServiceTests.swift in Sources */,
			);
			runOnlyForDeploymentPostprocessing = 0;
		};
/* End PBXSourcesBuildPhase section */

/* Begin PBXTargetDependency section */
		433C2EFA298BCDA5009C7B10 /* PBXTargetDependency */ = {
			isa = PBXTargetDependency;
			target = 433C2EEC298BCDA5009C7B10 /* APIService */;
			targetProxy = 433C2EF9298BCDA5009C7B10 /* PBXContainerItemProxy */;
		};
/* End PBXTargetDependency section */

/* Begin XCBuildConfiguration section */
		433C2EFF298BCDA5009C7B10 /* Debug */ = {
			isa = XCBuildConfiguration;
			buildSettings = {
				ALWAYS_SEARCH_USER_PATHS = NO;
				CLANG_ANALYZER_NONNULL = YES;
				CLANG_ANALYZER_NUMBER_OBJECT_CONVERSION = YES_AGGRESSIVE;
				CLANG_CXX_LANGUAGE_STANDARD = "gnu++20";
				CLANG_ENABLE_MODULES = YES;
				CLANG_ENABLE_OBJC_ARC = YES;
				CLANG_ENABLE_OBJC_WEAK = YES;
				CLANG_WARN_BLOCK_CAPTURE_AUTORELEASING = YES;
				CLANG_WARN_BOOL_CONVERSION = YES;
				CLANG_WARN_COMMA = YES;
				CLANG_WARN_CONSTANT_CONVERSION = YES;
				CLANG_WARN_DEPRECATED_OBJC_IMPLEMENTATIONS = YES;
				CLANG_WARN_DIRECT_OBJC_ISA_USAGE = YES_ERROR;
				CLANG_WARN_DOCUMENTATION_COMMENTS = YES;
				CLANG_WARN_EMPTY_BODY = YES;
				CLANG_WARN_ENUM_CONVERSION = YES;
				CLANG_WARN_INFINITE_RECURSION = YES;
				CLANG_WARN_INT_CONVERSION = YES;
				CLANG_WARN_NON_LITERAL_NULL_CONVERSION = YES;
				CLANG_WARN_OBJC_IMPLICIT_RETAIN_SELF = YES;
				CLANG_WARN_OBJC_LITERAL_CONVERSION = YES;
				CLANG_WARN_OBJC_ROOT_CLASS = YES_ERROR;
				CLANG_WARN_QUOTED_INCLUDE_IN_FRAMEWORK_HEADER = YES;
				CLANG_WARN_RANGE_LOOP_ANALYSIS = YES;
				CLANG_WARN_STRICT_PROTOTYPES = YES;
				CLANG_WARN_SUSPICIOUS_MOVE = YES;
				CLANG_WARN_UNGUARDED_AVAILABILITY = YES_AGGRESSIVE;
				CLANG_WARN_UNREACHABLE_CODE = YES;
				CLANG_WARN__DUPLICATE_METHOD_MATCH = YES;
				COPY_PHASE_STRIP = NO;
				CURRENT_PROJECT_VERSION = 1;
				DEAD_CODE_STRIPPING = YES;
				DEBUG_INFORMATION_FORMAT = dwarf;
				ENABLE_STRICT_OBJC_MSGSEND = YES;
				ENABLE_TESTABILITY = YES;
				GCC_C_LANGUAGE_STANDARD = gnu11;
				GCC_DYNAMIC_NO_PIC = NO;
				GCC_NO_COMMON_BLOCKS = YES;
				GCC_OPTIMIZATION_LEVEL = 0;
				GCC_PREPROCESSOR_DEFINITIONS = (
					"DEBUG=1",
					"$(inherited)",
				);
				GCC_WARN_64_TO_32_BIT_CONVERSION = YES;
				GCC_WARN_ABOUT_RETURN_TYPE = YES_ERROR;
				GCC_WARN_UNDECLARED_SELECTOR = YES;
				GCC_WARN_UNINITIALIZED_AUTOS = YES_AGGRESSIVE;
				GCC_WARN_UNUSED_FUNCTION = YES;
				GCC_WARN_UNUSED_VARIABLE = YES;
				MTL_ENABLE_DEBUG_INFO = INCLUDE_SOURCE;
				MTL_FAST_MATH = YES;
				ONLY_ACTIVE_ARCH = YES;
				SWIFT_ACTIVE_COMPILATION_CONDITIONS = DEBUG;
				SWIFT_OPTIMIZATION_LEVEL = "-Onone";
				VERSIONING_SYSTEM = "apple-generic";
				VERSION_INFO_PREFIX = "";
			};
			name = Debug;
		};
		433C2F00298BCDA5009C7B10 /* Release */ = {
			isa = XCBuildConfiguration;
			buildSettings = {
				ALWAYS_SEARCH_USER_PATHS = NO;
				CLANG_ANALYZER_NONNULL = YES;
				CLANG_ANALYZER_NUMBER_OBJECT_CONVERSION = YES_AGGRESSIVE;
				CLANG_CXX_LANGUAGE_STANDARD = "gnu++20";
				CLANG_ENABLE_MODULES = YES;
				CLANG_ENABLE_OBJC_ARC = YES;
				CLANG_ENABLE_OBJC_WEAK = YES;
				CLANG_WARN_BLOCK_CAPTURE_AUTORELEASING = YES;
				CLANG_WARN_BOOL_CONVERSION = YES;
				CLANG_WARN_COMMA = YES;
				CLANG_WARN_CONSTANT_CONVERSION = YES;
				CLANG_WARN_DEPRECATED_OBJC_IMPLEMENTATIONS = YES;
				CLANG_WARN_DIRECT_OBJC_ISA_USAGE = YES_ERROR;
				CLANG_WARN_DOCUMENTATION_COMMENTS = YES;
				CLANG_WARN_EMPTY_BODY = YES;
				CLANG_WARN_ENUM_CONVERSION = YES;
				CLANG_WARN_INFINITE_RECURSION = YES;
				CLANG_WARN_INT_CONVERSION = YES;
				CLANG_WARN_NON_LITERAL_NULL_CONVERSION = YES;
				CLANG_WARN_OBJC_IMPLICIT_RETAIN_SELF = YES;
				CLANG_WARN_OBJC_LITERAL_CONVERSION = YES;
				CLANG_WARN_OBJC_ROOT_CLASS = YES_ERROR;
				CLANG_WARN_QUOTED_INCLUDE_IN_FRAMEWORK_HEADER = YES;
				CLANG_WARN_RANGE_LOOP_ANALYSIS = YES;
				CLANG_WARN_STRICT_PROTOTYPES = YES;
				CLANG_WARN_SUSPICIOUS_MOVE = YES;
				CLANG_WARN_UNGUARDED_AVAILABILITY = YES_AGGRESSIVE;
				CLANG_WARN_UNREACHABLE_CODE = YES;
				CLANG_WARN__DUPLICATE_METHOD_MATCH = YES;
				COPY_PHASE_STRIP = NO;
				CURRENT_PROJECT_VERSION = 1;
				DEAD_CODE_STRIPPING = YES;
				DEBUG_INFORMATION_FORMAT = "dwarf-with-dsym";
				ENABLE_NS_ASSERTIONS = NO;
				ENABLE_STRICT_OBJC_MSGSEND = YES;
				GCC_C_LANGUAGE_STANDARD = gnu11;
				GCC_NO_COMMON_BLOCKS = YES;
				GCC_WARN_64_TO_32_BIT_CONVERSION = YES;
				GCC_WARN_ABOUT_RETURN_TYPE = YES_ERROR;
				GCC_WARN_UNDECLARED_SELECTOR = YES;
				GCC_WARN_UNINITIALIZED_AUTOS = YES_AGGRESSIVE;
				GCC_WARN_UNUSED_FUNCTION = YES;
				GCC_WARN_UNUSED_VARIABLE = YES;
				MTL_ENABLE_DEBUG_INFO = NO;
				MTL_FAST_MATH = YES;
				SWIFT_COMPILATION_MODE = wholemodule;
				SWIFT_OPTIMIZATION_LEVEL = "-O";
				VERSIONING_SYSTEM = "apple-generic";
				VERSION_INFO_PREFIX = "";
			};
			name = Release;
		};
		433C2F02298BCDA5009C7B10 /* Debug */ = {
			isa = XCBuildConfiguration;
			buildSettings = {
				CODE_SIGN_STYLE = Automatic;
				CURRENT_PROJECT_VERSION = 1;
				DEAD_CODE_STRIPPING = YES;
				DEFINES_MODULE = YES;
				DYLIB_COMPATIBILITY_VERSION = 1;
				DYLIB_CURRENT_VERSION = 1;
				DYLIB_INSTALL_NAME_BASE = "@rpath";
				GENERATE_INFOPLIST_FILE = YES;
				INFOPLIST_KEY_NSHumanReadableCopyright = "";
				INSTALL_PATH = "$(LOCAL_LIBRARY_DIR)/Frameworks";
				IPHONEOS_DEPLOYMENT_TARGET = 16.0;
				LD_RUNPATH_SEARCH_PATHS = (
					"@executable_path/Frameworks",
					"@loader_path/Frameworks",
				);
				"LD_RUNPATH_SEARCH_PATHS[sdk=macosx*]" = (
					"@executable_path/../Frameworks",
					"@loader_path/Frameworks",
				);
				MACOSX_DEPLOYMENT_TARGET = 13.1;
				MARKETING_VERSION = 1.0;
				PRODUCT_BUNDLE_IDENTIFIER = com.williamboles.APIService;
				PRODUCT_NAME = "$(TARGET_NAME:c99extidentifier)";
				SDKROOT = auto;
				SKIP_INSTALL = YES;
				SUPPORTED_PLATFORMS = "iphoneos iphonesimulator macosx";
				SWIFT_EMIT_LOC_STRINGS = YES;
				SWIFT_VERSION = 5.0;
				TARGETED_DEVICE_FAMILY = "1,2";
			};
			name = Debug;
		};
		433C2F03298BCDA5009C7B10 /* Release */ = {
			isa = XCBuildConfiguration;
			buildSettings = {
				CODE_SIGN_STYLE = Automatic;
				CURRENT_PROJECT_VERSION = 1;
				DEAD_CODE_STRIPPING = YES;
				DEFINES_MODULE = YES;
				DYLIB_COMPATIBILITY_VERSION = 1;
				DYLIB_CURRENT_VERSION = 1;
				DYLIB_INSTALL_NAME_BASE = "@rpath";
				GENERATE_INFOPLIST_FILE = YES;
				INFOPLIST_KEY_NSHumanReadableCopyright = "";
				INSTALL_PATH = "$(LOCAL_LIBRARY_DIR)/Frameworks";
				IPHONEOS_DEPLOYMENT_TARGET = 16.0;
				LD_RUNPATH_SEARCH_PATHS = (
					"@executable_path/Frameworks",
					"@loader_path/Frameworks",
				);
				"LD_RUNPATH_SEARCH_PATHS[sdk=macosx*]" = (
					"@executable_path/../Frameworks",
					"@loader_path/Frameworks",
				);
				MACOSX_DEPLOYMENT_TARGET = 13.1;
				MARKETING_VERSION = 1.0;
				PRODUCT_BUNDLE_IDENTIFIER = com.williamboles.APIService;
				PRODUCT_NAME = "$(TARGET_NAME:c99extidentifier)";
				SDKROOT = auto;
				SKIP_INSTALL = YES;
				SUPPORTED_PLATFORMS = "iphoneos iphonesimulator macosx";
				SWIFT_EMIT_LOC_STRINGS = YES;
				SWIFT_VERSION = 5.0;
				TARGETED_DEVICE_FAMILY = "1,2";
			};
			name = Release;
		};
		433C2F05298BCDA5009C7B10 /* Debug */ = {
			isa = XCBuildConfiguration;
			buildSettings = {
				ALWAYS_EMBED_SWIFT_STANDARD_LIBRARIES = YES;
				CODE_SIGN_STYLE = Automatic;
				CURRENT_PROJECT_VERSION = 1;
				DEAD_CODE_STRIPPING = YES;
				GENERATE_INFOPLIST_FILE = YES;
				IPHONEOS_DEPLOYMENT_TARGET = 16.2;
				MACOSX_DEPLOYMENT_TARGET = 13.1;
				MARKETING_VERSION = 1.0;
				PRODUCT_BUNDLE_IDENTIFIER = com.williamboles.APIServiceTests;
				PRODUCT_NAME = "$(TARGET_NAME)";
				SDKROOT = auto;
				SUPPORTED_PLATFORMS = "iphoneos iphonesimulator macosx";
				SWIFT_EMIT_LOC_STRINGS = NO;
				SWIFT_VERSION = 5.0;
				TARGETED_DEVICE_FAMILY = "1,2";
			};
			name = Debug;
		};
		433C2F06298BCDA5009C7B10 /* Release */ = {
			isa = XCBuildConfiguration;
			buildSettings = {
				ALWAYS_EMBED_SWIFT_STANDARD_LIBRARIES = YES;
				CODE_SIGN_STYLE = Automatic;
				CURRENT_PROJECT_VERSION = 1;
				DEAD_CODE_STRIPPING = YES;
				GENERATE_INFOPLIST_FILE = YES;
				IPHONEOS_DEPLOYMENT_TARGET = 16.2;
				MACOSX_DEPLOYMENT_TARGET = 13.1;
				MARKETING_VERSION = 1.0;
				PRODUCT_BUNDLE_IDENTIFIER = com.williamboles.APIServiceTests;
				PRODUCT_NAME = "$(TARGET_NAME)";
				SDKROOT = auto;
				SUPPORTED_PLATFORMS = "iphoneos iphonesimulator macosx";
				SWIFT_EMIT_LOC_STRINGS = NO;
				SWIFT_VERSION = 5.0;
				TARGETED_DEVICE_FAMILY = "1,2";
			};
			name = Release;
		};
/* End XCBuildConfiguration section */

/* Begin XCConfigurationList section */
		433C2EE7298BCDA5009C7B10 /* Build configuration list for PBXProject "APIService" */ = {
			isa = XCConfigurationList;
			buildConfigurations = (
				433C2EFF298BCDA5009C7B10 /* Debug */,
				433C2F00298BCDA5009C7B10 /* Release */,
			);
			defaultConfigurationIsVisible = 0;
			defaultConfigurationName = Release;
		};
		433C2F01298BCDA5009C7B10 /* Build configuration list for PBXNativeTarget "APIService" */ = {
			isa = XCConfigurationList;
			buildConfigurations = (
				433C2F02298BCDA5009C7B10 /* Debug */,
				433C2F03298BCDA5009C7B10 /* Release */,
			);
			defaultConfigurationIsVisible = 0;
			defaultConfigurationName = Release;
		};
		433C2F04298BCDA5009C7B10 /* Build configuration list for PBXNativeTarget "APIServiceTests" */ = {
			isa = XCConfigurationList;
			buildConfigurations = (
				433C2F05298BCDA5009C7B10 /* Debug */,
				433C2F06298BCDA5009C7B10 /* Release */,
			);
			defaultConfigurationIsVisible = 0;
			defaultConfigurationName = Release;
		};
/* End XCConfigurationList section */
	};
	rootObject = 433C2EE4298BCDA5009C7B10 /* Project object */;
}
